
Microsoft Visual Studio Solution File, Format Version 12.00
# Visual Studio Version 17
VisualStudioVersion = 17.14.36221.1
MinimumVisualStudioVersion = 10.0.40219.1
Project("{FAE04EC0-301F-11D3-BF4B-00C04F79EFBC}") = "BlazoriseOutlookClone", "BlazoriseOutlookClone\BlazoriseOutlookClone.csproj", "{EF99BD33-7512-4AD6-ADD4-16F24D347AB4}"
EndProject
Project("{FAE04EC0-301F-11D3-BF4B-00C04F79EFBC}") = "BlazoriseOutlookClone.UI", "BlazoriseOutlookClone.UI\BlazoriseOutlookClone.UI.csproj", "{BAA0F4AE-AE11-4D79-AC1D-E96F9CD3CF4F}"
EndProject
Project("{FAE04EC0-301F-11D3-BF4B-00C04F79EFBC}") = "BlazoriseOutlookClone.Models", "BlazoriseOutlookClone.Models\BlazoriseOutlookClone.Models.csproj", "{99F539B4-A875-4DB4-AA91-69078E95D96C}"
EndProject
Project("{FAE04EC0-301F-11D3-BF4B-00C04F79EFBC}") = "BlazoriseOutlookClone.Data", "BlazoriseOutlookClone.Data\BlazoriseOutlookClone.Data.csproj", "{E2F77311-9565-48DD-A0EF-C846E1A6F815}"
EndProject
Global
	GlobalSection(SolutionConfigurationPlatforms) = preSolution
		Debug|Any CPU = Debug|Any CPU
		Release|Any CPU = Release|Any CPU
	EndGlobalSection
	GlobalSection(ProjectConfigurationPlatforms) = postSolution
		{EF99BD33-7512-4AD6-ADD4-16F24D347AB4}.Debug|Any CPU.ActiveCfg = Debug|Any CPU
		{EF99BD33-7512-4AD6-ADD4-16F24D347AB4}.Debug|Any CPU.Build.0 = Debug|Any CPU
		{EF99BD33-7512-4AD6-ADD4-16F24D347AB4}.Release|Any CPU.ActiveCfg = Release|Any CPU
		{EF99BD33-7512-4AD6-ADD4-16F24D347AB4}.Release|Any CPU.Build.0 = Release|Any CPU
		{BAA0F4AE-AE11-4D79-AC1D-E96F9CD3CF4F}.Debug|Any CPU.ActiveCfg = Debug|Any CPU
		{BAA0F4AE-AE11-4D79-AC1D-E96F9CD3CF4F}.Debug|Any CPU.Build.0 = Debug|Any CPU
		{BAA0F4AE-AE11-4D79-AC1D-E96F9CD3CF4F}.Release|Any CPU.ActiveCfg = Release|Any CPU
		{BAA0F4AE-AE11-4D79-AC1D-E96F9CD3CF4F}.Release|Any CPU.Build.0 = Release|Any CPU
		{99F539B4-A875-4DB4-AA91-69078E95D96C}.Debug|Any CPU.ActiveCfg = Debug|Any CPU
		{99F539B4-A875-4DB4-AA91-69078E95D96C}.Debug|Any CPU.Build.0 = Debug|Any CPU
		{99F539B4-A875-4DB4-AA91-69078E95D96C}.Release|Any CPU.ActiveCfg = Release|Any CPU
		{99F539B4-A875-4DB4-AA91-69078E95D96C}.Release|Any CPU.Build.0 = Release|Any CPU
		{E2F77311-9565-48DD-A0EF-C846E1A6F815}.Debug|Any CPU.ActiveCfg = Debug|Any CPU
		{E2F77311-9565-48DD-A0EF-C846E1A6F815}.Debug|Any CPU.Build.0 = Debug|Any CPU
		{E2F77311-9565-48DD-A0EF-C846E1A6F815}.Release|Any CPU.ActiveCfg = Release|Any CPU
		{E2F77311-9565-48DD-A0EF-C846E1A6F815}.Release|Any CPU.Build.0 = Release|Any CPU
	EndGlobalSection
	GlobalSection(SolutionProperties) = preSolution
		HideSolutionNode = FALSE
	EndGlobalSection
	GlobalSection(ExtensibilityGlobals) = postSolution
		SolutionGuid = {CF958194-DE48-4C8D-BA79-47000A9A5DE3}
	EndGlobalSection
EndGlobal
